{
  "meteor": {},
  "dependencies": {
    "basePackages": {
      "bootstrap3-less": {},
      "router": {},
      "npm": {},
      "popcorn": {}
    },
    "packages": {
      "bootstrap3-less": {
        "git": "https://github.com/eprochasson/bootstrap3-less",
        "tag": "v0.0.2",
        "commit": "3e6bd0bb4b9a69dd76c98c27d3b33139e83aa408"
      },
      "router": {
        "git": "https://github.com/tmeasday/meteor-router.git",
        "tag": "v0.5.3",
        "commit": "7bd3a1bdd1099625bb8b49406d9b8f961d6f4a17"
      },
      "npm": {
        "git": "https://github.com/arunoda/meteor-npm.git",
        "tag": "v0.1.4",
        "commit": "68ab2b952ab21a5bbba879b37be9385ec8ff6d63"
      },
      "popcorn": {
        "git": "https://github.com/santihbc/meteor-popcorn-js.git",
        "tag": "v0.1.0",
        "commit": "20c5e438f0d1634f7c2ca3b0f78ac0bf63cb2e7c"
      },
      "page-js-ie-support": {
        "git": "https://github.com/tmeasday/meteor-page-js-ie-support.git",
        "tag": "v1.3.5",
        "commit": "b99ed8380aefd10b2afc8f18d9eed4dd0d8ea9cb"
      }
    }
  }
}
